
Microsoft Visual Studio Solution File, Format Version 12.00
# Visual Studio Version 17
VisualStudioVersion = 17.10.35122.118
MinimumVisualStudioVersion = 10.0.40219.1
Project("{FAE04EC0-301F-11D3-BF4B-00C04F79EFBC}") = "PedraPapelTesoura", "PedraPapelTesoura\PedraPapelTesoura.csproj", "{F0B840AE-9663-4507-9350-2D48CD878E1F}"
EndProject
Project("{FAE04EC0-301F-11D3-BF4B-00C04F79EFBC}") = "PedraPapelTesouraTest", "PedraPapelTesouraTest\PedraPapelTesouraTest.csproj", "{D2D256B6-5DE2-450A-BA95-24C2F621D180}"
EndProject
Global
	GlobalSection(SolutionConfigurationPlatforms) = preSolution
		Debug|Any CPU = Debug|Any CPU
		Release|Any CPU = Release|Any CPU
	EndGlobalSection
	GlobalSection(ProjectConfigurationPlatforms) = postSolution
		{F0B840AE-9663-4507-9350-2D48CD878E1F}.Debug|Any CPU.ActiveCfg = Debug|Any CPU
		{F0B840AE-9663-4507-9350-2D48CD878E1F}.Debug|Any CPU.Build.0 = Debug|Any CPU
		{F0B840AE-9663-4507-9350-2D48CD878E1F}.Release|Any CPU.ActiveCfg = Release|Any CPU
		{F0B840AE-9663-4507-9350-2D48CD878E1F}.Release|Any CPU.Build.0 = Release|Any CPU
		{D2D256B6-5DE2-450A-BA95-24C2F621D180}.Debug|Any CPU.ActiveCfg = Debug|Any CPU
		{D2D256B6-5DE2-450A-BA95-24C2F621D180}.Debug|Any CPU.Build.0 = Debug|Any CPU
		{D2D256B6-5DE2-450A-BA95-24C2F621D180}.Release|Any CPU.ActiveCfg = Release|Any CPU
		{D2D256B6-5DE2-450A-BA95-24C2F621D180}.Release|Any CPU.Build.0 = Release|Any CPU
	EndGlobalSection
	GlobalSection(SolutionProperties) = preSolution
		HideSolutionNode = FALSE
	EndGlobalSection
	GlobalSection(ExtensibilityGlobals) = postSolution
		SolutionGuid = {BECDA67A-0699-44F1-82C4-499CE6A73797}
	EndGlobalSection
EndGlobal
